
Microsoft Visual Studio Solution File, Format Version 12.00
# Visual Studio Version 16
VisualStudioVersion = 16.0.29806.167
MinimumVisualStudioVersion = 10.0.40219.1
Project("{FAE04EC0-301F-11D3-BF4B-00C04F79EFBC}") = "shoppingcart", "shoppingcart\shoppingcart.csproj", "{9713CE1D-1DFE-40D3-8673-6505C704C552}"
EndProject
Global
	GlobalSection(SolutionConfigurationPlatforms) = preSolution
		Debug|Any CPU = Debug|Any CPU
		Release|Any CPU = Release|Any CPU
	EndGlobalSection
	GlobalSection(ProjectConfigurationPlatforms) = postSolution
		{9713CE1D-1DFE-40D3-8673-6505C704C552}.Debug|Any CPU.ActiveCfg = Debug|Any CPU
		{9713CE1D-1DFE-40D3-8673-6505C704C552}.Debug|Any CPU.Build.0 = Debug|Any CPU
		{9713CE1D-1DFE-40D3-8673-6505C704C552}.Release|Any CPU.ActiveCfg = Release|Any CPU
		{9713CE1D-1DFE-40D3-8673-6505C704C552}.Release|Any CPU.Build.0 = Release|Any CPU
	EndGlobalSection
	GlobalSection(SolutionProperties) = preSolution
		HideSolutionNode = FALSE
	EndGlobalSection
	GlobalSection(ExtensibilityGlobals) = postSolution
		SolutionGuid = {2E1FBACD-EF09-411D-8A3B-B753678CA489}
	EndGlobalSection
EndGlobal
